{
  "requires": true,
  "lockfileVersion": 1,
  "dependencies": {
    "sortablejs": {
      "version": "1.10.2",
      "resolved": "https://registry.npmjs.org/sortablejs/-/sortablejs-1.10.2.tgz",
      "integrity": "sha512-YkPGufevysvfwn5rfdlGyrGjt7/CRHwvRPogD/lC+TnvcN29jDpCifKP+rBqf+LRldfXSTh+0CGLcSg0VIxq3A=="
    },
    "vue-draggable": {
      "version": "2.0.6",
      "resolved": "https://registry.npmjs.org/vue-draggable/-/vue-draggable-2.0.6.tgz",
      "integrity": "sha512-/FHtAwrhy6a4duF/zr5Sf3oowf3BMHdcEfi1v8SsYYFCNqbKvBFUaiMs7Lw1ZQq2/2j6yvBoAHPKVmuLFSSiJw=="
    },
    "vuedraggable": {
      "version": "2.24.3",
      "resolved": "https://registry.npmjs.org/vuedraggable/-/vuedraggable-2.24.3.tgz",
      "integrity": "sha512-6/HDXi92GzB+Hcs9fC6PAAozK1RLt1ewPTLjK0anTYguXLAeySDmcnqE8IC0xa7shvSzRjQXq3/+dsZ7ETGF3g==",
      "requires": {
        "sortablejs": "1.10.2"
      }
    }
  }
}
